{"version":4,"terraform_version":"1.11.5","serial":10,"lineage":"1c357bac-62ea-f864-7016-55f652098e09","outputs":{"app_username":{"value":"app_user","type":"string"},"database_name":{"value":"my_new_local_db","type":"string"}},"resources":[{"mode":"data","type":"kubernetes_namespace_v1","name":"apps","provider":"provider[\"registry.opentofu.org/hashicorp/kubernetes\"]","instances":[{"schema_version":0,"attributes":{"id":"apps","metadata":[{"annotations":{},"generation":0,"labels":{"kubernetes.io/metadata.name":"apps"},"name":"apps","resource_version":"347185","uid":"af41d9fb-4688-4d21-aa01-59e743678d0e"}],"spec":[{"finalizers":["kubernetes"]}]},"sensitive_attributes":[]}]},{"mode":"managed","type":"argocd_application","name":"aank","provider":"provider[\"registry.opentofu.org/argoproj-labs/argocd\"]","instances":[{"schema_version":4,"attributes":{"cascade":true,"id":"aank:argocd","metadata":[{"annotations":null,"generation":1,"labels":null,"name":"aank","namespace":"argocd","resource_version":"357559","uid":"ff02258f-4c56-4892-a661-db5a49da28e3"}],"spec":[{"destination":[{"name":"","namespace":"apps","server":"https://kubernetes.default.svc"}],"ignore_difference":[],"info":[],"project":"default","revision_history_limit":10,"source":[{"chart":"","directory":[],"helm":[],"kustomize":[],"name":"","path":"cicd/aank/k8s/overlays/dev","plugin":[],"ref":"","repo_url":"https://github.com/skseth/gitops-dev.git","target_revision":"HEAD"}],"sync_policy":[{"automated":[{"allow_empty":null,"prune":true,"self_heal":true}],"managed_namespace_metadata":[],"retry":[{"backoff":[{"duration":"30s","factor":"2","max_duration":"2m"}],"limit":"5"}],"sync_options":null}]}],"status":[{"conditions":[],"health":[{"message":"","status":""}],"operation_state":[],"reconciled_at":"","resources":[],"summary":[{"external_urls":[],"images":[]}],"sync":[{"revision":"","revisions":[],"status":""}]}],"sync":null,"timeouts":null,"validate":true,"wait":false},"sensitive_attributes":[],"private":"eyJlMmJmYjczMC1lY2FhLTExZTYtOGY4OC0zNDM2M2JjN2M0YzAiOnsiY3JlYXRlIjozMDAwMDAwMDAwMDAsImRlbGV0ZSI6MzAwMDAwMDAwMDAwLCJ1cGRhdGUiOjMwMDAwMDAwMDAwMH0sInNjaGVtYV92ZXJzaW9uIjoiNCJ9"}]},{"mode":"managed","type":"minio_s3_bucket","name":"state_terraform_s3","provider":"provider[\"registry.opentofu.org/aminueza/minio\"]","instances":[{"schema_version":0,"attributes":{"acl":"public","arn":"arn:aws:s3:::a-new-bucket-from-terraform","bucket":"a-new-bucket-from-terraform","bucket_domain_name":"http://127.0.0.1:9002/a-new-bucket-from-terraform","bucket_prefix":null,"force_destroy":false,"id":"a-new-bucket-from-terraform","object_locking":false,"quota":null,"tags":null},"sensitive_attributes":[],"private":"bnVsbA=="}]},{"mode":"managed","type":"mysql_database","name":"app_db","provider":"provider[\"registry.opentofu.org/petoju/mysql\"]","instances":[{"schema_version":0,"attributes":{"default_character_set":"utf8mb4","default_collation":"utf8mb4_general_ci","id":"my_new_local_db","name":"my_new_local_db"},"sensitive_attributes":[],"private":"bnVsbA=="}]},{"mode":"managed","type":"mysql_grant","name":"app_user_privileges","provider":"provider[\"registry.opentofu.org/petoju/mysql\"]","instances":[{"schema_version":0,"attributes":{"database":"my_new_local_db","grant":false,"host":"localhost","id":"app_user@localhost:`my_new_local_db`:*","privileges":["DELETE","INSERT","SELECT","UPDATE"],"role":null,"roles":null,"table":"*","tls_option":"NONE","user":"app_user"},"sensitive_attributes":[],"private":"bnVsbA==","dependencies":["mysql_database.app_db","mysql_user.app_user"]}]},{"mode":"managed","type":"mysql_user","name":"app_user","provider":"provider[\"registry.opentofu.org/petoju/mysql\"]","instances":[{"schema_version":0,"attributes":{"aad_identity":[],"auth_plugin":null,"auth_string_hashed":null,"discard_old_password":false,"host":"localhost","id":"app_user@localhost","password":null,"plaintext_password":"ff2f12ec5c6a2e9ef6b61c958ed701c327469190a18075fd909ec2a9b42b94f2","retain_old_password":null,"tls_option":"NONE","user":"app_user"},"sensitive_attributes":[[{"type":"get_attr","value":"auth_string_hashed"}],[{"type":"get_attr","value":"password"}],[{"type":"get_attr","value":"plaintext_password"}]],"private":"bnVsbA=="}]}],"check_results":null}
